
Microsoft Visual Studio Solution File, Format Version 12.00
# Visual Studio Version 16
VisualStudioVersion = 16.0.30011.22
MinimumVisualStudioVersion = 10.0.40219.1
Project("{FAE04EC0-301F-11D3-BF4B-00C04F79EFBC}") = "EjercicioIntegrador", "EjercicioIntegrador\EjercicioIntegrador.csproj", "{840F72E1-10BD-4505-8F97-88D70FC971FC}"
EndProject
Project("{FAE04EC0-301F-11D3-BF4B-00C04F79EFBC}") = "Entidades", "Entidades\Entidades.csproj", "{58777C8C-FA9B-404D-AC5B-B880CCF06BAD}"
EndProject
Global
	GlobalSection(SolutionConfigurationPlatforms) = preSolution
		Debug|Any CPU = Debug|Any CPU
		Release|Any CPU = Release|Any CPU
	EndGlobalSection
	GlobalSection(ProjectConfigurationPlatforms) = postSolution
		{840F72E1-10BD-4505-8F97-88D70FC971FC}.Debug|Any CPU.ActiveCfg = Debug|Any CPU
		{840F72E1-10BD-4505-8F97-88D70FC971FC}.Debug|Any CPU.Build.0 = Debug|Any CPU
		{840F72E1-10BD-4505-8F97-88D70FC971FC}.Release|Any CPU.ActiveCfg = Release|Any CPU
		{840F72E1-10BD-4505-8F97-88D70FC971FC}.Release|Any CPU.Build.0 = Release|Any CPU
		{58777C8C-FA9B-404D-AC5B-B880CCF06BAD}.Debug|Any CPU.ActiveCfg = Debug|Any CPU
		{58777C8C-FA9B-404D-AC5B-B880CCF06BAD}.Debug|Any CPU.Build.0 = Debug|Any CPU
		{58777C8C-FA9B-404D-AC5B-B880CCF06BAD}.Release|Any CPU.ActiveCfg = Release|Any CPU
		{58777C8C-FA9B-404D-AC5B-B880CCF06BAD}.Release|Any CPU.Build.0 = Release|Any CPU
	EndGlobalSection
	GlobalSection(SolutionProperties) = preSolution
		HideSolutionNode = FALSE
	EndGlobalSection
	GlobalSection(ExtensibilityGlobals) = postSolution
		SolutionGuid = {1F1659E0-A098-4A11-8E0B-A06645139350}
	EndGlobalSection
EndGlobal
